// !$*UTF8*$!
{
	archiveVersion = 1;
	classes = {
	};
	objectVersion = 50;
	objects = {

/* Begin PBXBuildFile section */
		D707F5792305F82500B0A726 /* AppDelegate.swift in Sources */ = {isa = PBXBuildFile; fileRef = D707F5782305F82500B0A726 /* AppDelegate.swift */; };
		D707F57B2305F82500B0A726 /* art.scnassets in Resources */ = {isa = PBXBuildFile; fileRef = D707F57A2305F82500B0A726 /* art.scnassets */; };
		D707F57D2305F82500B0A726 /* ViewController.swift in Sources */ = {isa = PBXBuildFile; fileRef = D707F57C2305F82500B0A726 /* ViewController.swift */; };
		D707F5802305F82500B0A726 /* Main.storyboard in Resources */ = {isa = PBXBuildFile; fileRef = D707F57E2305F82500B0A726 /* Main.storyboard */; };
		D707F5822305F82700B0A726 /* Assets.xcassets in Resources */ = {isa = PBXBuildFile; fileRef = D707F5812305F82700B0A726 /* Assets.xcassets */; };
		D707F5852305F82700B0A726 /* LaunchScreen.storyboard in Resources */ = {isa = PBXBuildFile; fileRef = D707F5832305F82700B0A726 /* LaunchScreen.storyboard */; };
		D733242123106EC300493865 /* PlanetContextMenu.swift in Sources */ = {isa = PBXBuildFile; fileRef = D733242023106EC300493865 /* PlanetContextMenu.swift */; };
		D7332424231073FB00493865 /* WheelPicker.swift in Sources */ = {isa = PBXBuildFile; fileRef = D7332423231073FB00493865 /* WheelPicker.swift */; };
		D73324262310741A00493865 /* WheelPickerCell.swift in Sources */ = {isa = PBXBuildFile; fileRef = D73324252310741A00493865 /* WheelPickerCell.swift */; };
		D73324282310744100493865 /* WheelPickerCollectionViewLayout.swift in Sources */ = {isa = PBXBuildFile; fileRef = D73324272310744100493865 /* WheelPickerCollectionViewLayout.swift */; };
		D733242A23123A0800493865 /* Extensions.swift in Sources */ = {isa = PBXBuildFile; fileRef = D733242923123A0800493865 /* Extensions.swift */; };
		D733242C2312FD0D00493865 /* Provider.swift in Sources */ = {isa = PBXBuildFile; fileRef = D733242B2312FD0D00493865 /* Provider.swift */; };
		D734B87423071E0B00EFA0AD /* Point.swift in Sources */ = {isa = PBXBuildFile; fileRef = D734B87323071E0B00EFA0AD /* Point.swift */; };
		D734B87723071EC500EFA0AD /* Galaxy.swift in Sources */ = {isa = PBXBuildFile; fileRef = D734B87623071EC500EFA0AD /* Galaxy.swift */; };
		D742F0CD2309C0C90041F46F /* VectorMath.swift in Sources */ = {isa = PBXBuildFile; fileRef = D742F0CC2309C0C90041F46F /* VectorMath.swift */; };
		D7BA9ACE230D8D54003ECAAD /* Orbit.swift in Sources */ = {isa = PBXBuildFile; fileRef = D7BA9ACD230D8D54003ECAAD /* Orbit.swift */; };
		D7BA9AD0230D8D9C003ECAAD /* Planet.swift in Sources */ = {isa = PBXBuildFile; fileRef = D7BA9ACF230D8D9C003ECAAD /* Planet.swift */; };
		D7D651612307553C00815B15 /* CreatePlanetContextMenu.swift in Sources */ = {isa = PBXBuildFile; fileRef = D7D651602307553C00815B15 /* CreatePlanetContextMenu.swift */; };
		D7D6516323075B9D00815B15 /* ContextMenuGestureRecognizer.swift in Sources */ = {isa = PBXBuildFile; fileRef = D7D6516223075B9D00815B15 /* ContextMenuGestureRecognizer.swift */; };
		D7DABAAD2312FE970015A0F4 /* ModelOption.swift in Sources */ = {isa = PBXBuildFile; fileRef = D7DABAAC2312FE970015A0F4 /* ModelOption.swift */; };
		D7E91D8523061A9700FC88B8 /* Star.swift in Sources */ = {isa = PBXBuildFile; fileRef = D7E91D8423061A9700FC88B8 /* Star.swift */; };
		D7FE3B2323145E8900532024 /* PlanetProvider.swift in Sources */ = {isa = PBXBuildFile; fileRef = D7FE3B2223145E8900532024 /* PlanetProvider.swift */; };
/* End PBXBuildFile section */

/* Begin PBXFileReference section */
		D707F5752305F82500B0A726 /* Celeste.app */ = {isa = PBXFileReference; explicitFileType = wrapper.application; includeInIndex = 0; path = Celeste.app; sourceTree = BUILT_PRODUCTS_DIR; };
		D707F5782305F82500B0A726 /* AppDelegate.swift */ = {isa = PBXFileReference; lastKnownFileType = sourcecode.swift; path = AppDelegate.swift; sourceTree = "<group>"; };
		D707F57A2305F82500B0A726 /* art.scnassets */ = {isa = PBXFileReference; lastKnownFileType = wrapper.scnassets; path = art.scnassets; sourceTree = "<group>"; };
		D707F57C2305F82500B0A726 /* ViewController.swift */ = {isa = PBXFileReference; lastKnownFileType = sourcecode.swift; path = ViewController.swift; sourceTree = "<group>"; };
		D707F57F2305F82500B0A726 /* Base */ = {isa = PBXFileReference; lastKnownFileType = file.storyboard; name = Base; path = Base.lproj/Main.storyboard; sourceTree = "<group>"; };
		D707F5812305F82700B0A726 /* Assets.xcassets */ = {isa = PBXFileReference; lastKnownFileType = folder.assetcatalog; path = Assets.xcassets; sourceTree = "<group>"; };
		D707F5842305F82700B0A726 /* Base */ = {isa = PBXFileReference; lastKnownFileType = file.storyboard; name = Base; path = Base.lproj/LaunchScreen.storyboard; sourceTree = "<group>"; };
		D707F5862305F82700B0A726 /* Info.plist */ = {isa = PBXFileReference; lastKnownFileType = text.plist.xml; path = Info.plist; sourceTree = "<group>"; };
		D733242023106EC300493865 /* PlanetContextMenu.swift */ = {isa = PBXFileReference; lastKnownFileType = sourcecode.swift; path = PlanetContextMenu.swift; sourceTree = "<group>"; };
		D7332423231073FB00493865 /* WheelPicker.swift */ = {isa = PBXFileReference; lastKnownFileType = sourcecode.swift; path = WheelPicker.swift; sourceTree = "<group>"; };
		D73324252310741A00493865 /* WheelPickerCell.swift */ = {isa = PBXFileReference; lastKnownFileType = sourcecode.swift; path = WheelPickerCell.swift; sourceTree = "<group>"; };
		D73324272310744100493865 /* WheelPickerCollectionViewLayout.swift */ = {isa = PBXFileReference; lastKnownFileType = sourcecode.swift; path = WheelPickerCollectionViewLayout.swift; sourceTree = "<group>"; };
		D733242923123A0800493865 /* Extensions.swift */ = {isa = PBXFileReference; lastKnownFileType = sourcecode.swift; path = Extensions.swift; sourceTree = "<group>"; };
		D733242B2312FD0D00493865 /* Provider.swift */ = {isa = PBXFileReference; lastKnownFileType = sourcecode.swift; path = Provider.swift; sourceTree = "<group>"; };
		D734B87323071E0B00EFA0AD /* Point.swift */ = {isa = PBXFileReference; lastKnownFileType = sourcecode.swift; path = Point.swift; sourceTree = "<group>"; };
		D734B87623071EC500EFA0AD /* Galaxy.swift */ = {isa = PBXFileReference; lastKnownFileType = sourcecode.swift; path = Galaxy.swift; sourceTree = "<group>"; };
		D742F0CC2309C0C90041F46F /* VectorMath.swift */ = {isa = PBXFileReference; lastKnownFileType = sourcecode.swift; path = VectorMath.swift; sourceTree = "<group>"; };
		D7BA9ACD230D8D54003ECAAD /* Orbit.swift */ = {isa = PBXFileReference; lastKnownFileType = sourcecode.swift; path = Orbit.swift; sourceTree = "<group>"; };
		D7BA9ACF230D8D9C003ECAAD /* Planet.swift */ = {isa = PBXFileReference; lastKnownFileType = sourcecode.swift; path = Planet.swift; sourceTree = "<group>"; };
		D7D651602307553C00815B15 /* CreatePlanetContextMenu.swift */ = {isa = PBXFileReference; lastKnownFileType = sourcecode.swift; path = CreatePlanetContextMenu.swift; sourceTree = "<group>"; };
		D7D6516223075B9D00815B15 /* ContextMenuGestureRecognizer.swift */ = {isa = PBXFileReference; lastKnownFileType = sourcecode.swift; path = ContextMenuGestureRecognizer.swift; sourceTree = "<group>"; };
		D7DABAAC2312FE970015A0F4 /* ModelOption.swift */ = {isa = PBXFileReference; lastKnownFileType = sourcecode.swift; path = ModelOption.swift; sourceTree = "<group>"; };
		D7E91D8423061A9700FC88B8 /* Star.swift */ = {isa = PBXFileReference; lastKnownFileType = sourcecode.swift; path = Star.swift; sourceTree = "<group>"; };
		D7FE3B2223145E8900532024 /* PlanetProvider.swift */ = {isa = PBXFileReference; lastKnownFileType = sourcecode.swift; path = PlanetProvider.swift; sourceTree = "<group>"; };
/* End PBXFileReference section */

/* Begin PBXFrameworksBuildPhase section */
		D707F5722305F82500B0A726 /* Frameworks */ = {
			isa = PBXFrameworksBuildPhase;
			buildActionMask = 2147483647;
			files = (
			);
			runOnlyForDeploymentPostprocessing = 0;
		};
/* End PBXFrameworksBuildPhase section */

/* Begin PBXGroup section */
		D707F56C2305F82500B0A726 = {
			isa = PBXGroup;
			children = (
				D707F5772305F82500B0A726 /* Celeste */,
				D707F5762305F82500B0A726 /* Products */,
			);
			sourceTree = "<group>";
		};
		D707F5762305F82500B0A726 /* Products */ = {
			isa = PBXGroup;
			children = (
				D707F5752305F82500B0A726 /* Celeste.app */,
			);
			name = Products;
			sourceTree = "<group>";
		};
		D707F5772305F82500B0A726 /* Celeste */ = {
			isa = PBXGroup;
			children = (
				D7D651642309C09700815B15 /* utils */,
				D7E91D8323061A1C00FC88B8 /* model */,
				D707F57C2305F82500B0A726 /* ViewController.swift */,
				D733242023106EC300493865 /* PlanetContextMenu.swift */,
				D7D651602307553C00815B15 /* CreatePlanetContextMenu.swift */,
				D7FE3B2223145E8900532024 /* PlanetProvider.swift */,
				D707F57E2305F82500B0A726 /* Main.storyboard */,
				D707F5812305F82700B0A726 /* Assets.xcassets */,
				D707F57A2305F82500B0A726 /* art.scnassets */,
				D707F5832305F82700B0A726 /* LaunchScreen.storyboard */,
				D707F5782305F82500B0A726 /* AppDelegate.swift */,
				D707F5862305F82700B0A726 /* Info.plist */,
				D7D6516223075B9D00815B15 /* ContextMenuGestureRecognizer.swift */,
			);
			path = Celeste;
			sourceTree = "<group>";
		};
		D7332422231073E900493865 /* wheelPicker */ = {
			isa = PBXGroup;
			children = (
				D7332423231073FB00493865 /* WheelPicker.swift */,
				D73324252310741A00493865 /* WheelPickerCell.swift */,
				D73324272310744100493865 /* WheelPickerCollectionViewLayout.swift */,
			);
			path = wheelPicker;
			sourceTree = "<group>";
		};
		D7D651642309C09700815B15 /* utils */ = {
			isa = PBXGroup;
			children = (
				D7332422231073E900493865 /* wheelPicker */,
				D742F0CC2309C0C90041F46F /* VectorMath.swift */,
				D733242923123A0800493865 /* Extensions.swift */,
			);
			path = utils;
			sourceTree = "<group>";
		};
		D7E91D8323061A1C00FC88B8 /* model */ = {
			isa = PBXGroup;
			children = (
				D7E91D8423061A9700FC88B8 /* Star.swift */,
				D734B87323071E0B00EFA0AD /* Point.swift */,
				D734B87623071EC500EFA0AD /* Galaxy.swift */,
				D7BA9ACD230D8D54003ECAAD /* Orbit.swift */,
				D7BA9ACF230D8D9C003ECAAD /* Planet.swift */,
				D733242B2312FD0D00493865 /* Provider.swift */,
				D7DABAAC2312FE970015A0F4 /* ModelOption.swift */,
			);
			path = model;
			sourceTree = "<group>";
		};
/* End PBXGroup section */

/* Begin PBXNativeTarget section */
		D707F5742305F82500B0A726 /* Celeste */ = {
			isa = PBXNativeTarget;
			buildConfigurationList = D707F5892305F82700B0A726 /* Build configuration list for PBXNativeTarget "Celeste" */;
			buildPhases = (
				D707F5712305F82500B0A726 /* Sources */,
				D707F5722305F82500B0A726 /* Frameworks */,
				D707F5732305F82500B0A726 /* Resources */,
			);
			buildRules = (
			);
			dependencies = (
			);
			name = Celeste;
			productName = Celeste;
			productReference = D707F5752305F82500B0A726 /* Celeste.app */;
			productType = "com.apple.product-type.application";
		};
/* End PBXNativeTarget section */

/* Begin PBXProject section */
		D707F56D2305F82500B0A726 /* Project object */ = {
			isa = PBXProject;
			attributes = {
				LastSwiftUpdateCheck = 1030;
				LastUpgradeCheck = 1030;
				ORGANIZATIONNAME = "Bruno Pastre";
				TargetAttributes = {
					D707F5742305F82500B0A726 = {
						CreatedOnToolsVersion = 10.3;
					};
				};
			};
			buildConfigurationList = D707F5702305F82500B0A726 /* Build configuration list for PBXProject "Celeste" */;
			compatibilityVersion = "Xcode 9.3";
			developmentRegion = en;
			hasScannedForEncodings = 0;
			knownRegions = (
				en,
				Base,
			);
			mainGroup = D707F56C2305F82500B0A726;
			productRefGroup = D707F5762305F82500B0A726 /* Products */;
			projectDirPath = "";
			projectRoot = "";
			targets = (
				D707F5742305F82500B0A726 /* Celeste */,
			);
		};
/* End PBXProject section */

/* Begin PBXResourcesBuildPhase section */
		D707F5732305F82500B0A726 /* Resources */ = {
			isa = PBXResourcesBuildPhase;
			buildActionMask = 2147483647;
			files = (
				D707F57B2305F82500B0A726 /* art.scnassets in Resources */,
				D707F5852305F82700B0A726 /* LaunchScreen.storyboard in Resources */,
				D707F5822305F82700B0A726 /* Assets.xcassets in Resources */,
				D707F5802305F82500B0A726 /* Main.storyboard in Resources */,
			);
			runOnlyForDeploymentPostprocessing = 0;
		};
/* End PBXResourcesBuildPhase section */

/* Begin PBXSourcesBuildPhase section */
		D707F5712305F82500B0A726 /* Sources */ = {
			isa = PBXSourcesBuildPhase;
			buildActionMask = 2147483647;
			files = (
				D742F0CD2309C0C90041F46F /* VectorMath.swift in Sources */,
				D734B87423071E0B00EFA0AD /* Point.swift in Sources */,
				D7BA9ACE230D8D54003ECAAD /* Orbit.swift in Sources */,
				D707F57D2305F82500B0A726 /* ViewController.swift in Sources */,
				D733242C2312FD0D00493865 /* Provider.swift in Sources */,
				D707F5792305F82500B0A726 /* AppDelegate.swift in Sources */,
				D7FE3B2323145E8900532024 /* PlanetProvider.swift in Sources */,
				D734B87723071EC500EFA0AD /* Galaxy.swift in Sources */,
				D73324282310744100493865 /* WheelPickerCollectionViewLayout.swift in Sources */,
				D7D651612307553C00815B15 /* CreatePlanetContextMenu.swift in Sources */,
				D7332424231073FB00493865 /* WheelPicker.swift in Sources */,
				D73324262310741A00493865 /* WheelPickerCell.swift in Sources */,
				D7DABAAD2312FE970015A0F4 /* ModelOption.swift in Sources */,
				D733242A23123A0800493865 /* Extensions.swift in Sources */,
				D7D6516323075B9D00815B15 /* ContextMenuGestureRecognizer.swift in Sources */,
				D733242123106EC300493865 /* PlanetContextMenu.swift in Sources */,
				D7E91D8523061A9700FC88B8 /* Star.swift in Sources */,
				D7BA9AD0230D8D9C003ECAAD /* Planet.swift in Sources */,
			);
			runOnlyForDeploymentPostprocessing = 0;
		};
/* End PBXSourcesBuildPhase section */

/* Begin PBXVariantGroup section */
		D707F57E2305F82500B0A726 /* Main.storyboard */ = {
			isa = PBXVariantGroup;
			children = (
				D707F57F2305F82500B0A726 /* Base */,
			);
			name = Main.storyboard;
			sourceTree = "<group>";
		};
		D707F5832305F82700B0A726 /* LaunchScreen.storyboard */ = {
			isa = PBXVariantGroup;
			children = (
				D707F5842305F82700B0A726 /* Base */,
			);
			name = LaunchScreen.storyboard;
			sourceTree = "<group>";
		};
/* End PBXVariantGroup section */

/* Begin XCBuildConfiguration section */
		D707F5872305F82700B0A726 /* Debug */ = {
			isa = XCBuildConfiguration;
			buildSettings = {
				ALWAYS_SEARCH_USER_PATHS = NO;
				CLANG_ANALYZER_NONNULL = YES;
				CLANG_ANALYZER_NUMBER_OBJECT_CONVERSION = YES_AGGRESSIVE;
				CLANG_CXX_LANGUAGE_STANDARD = "gnu++14";
				CLANG_CXX_LIBRARY = "libc++";
				CLANG_ENABLE_MODULES = YES;
				CLANG_ENABLE_OBJC_ARC = YES;
				CLANG_ENABLE_OBJC_WEAK = YES;
				CLANG_WARN_BLOCK_CAPTURE_AUTORELEASING = YES;
				CLANG_WARN_BOOL_CONVERSION = YES;
				CLANG_WARN_COMMA = YES;
				CLANG_WARN_CONSTANT_CONVERSION = YES;
				CLANG_WARN_DEPRECATED_OBJC_IMPLEMENTATIONS = YES;
				CLANG_WARN_DIRECT_OBJC_ISA_USAGE = YES_ERROR;
				CLANG_WARN_DOCUMENTATION_COMMENTS = YES;
				CLANG_WARN_EMPTY_BODY = YES;
				CLANG_WARN_ENUM_CONVERSION = YES;
				CLANG_WARN_INFINITE_RECURSION = YES;
				CLANG_WARN_INT_CONVERSION = YES;
				CLANG_WARN_NON_LITERAL_NULL_CONVERSION = YES;
				CLANG_WARN_OBJC_IMPLICIT_RETAIN_SELF = YES;
				CLANG_WARN_OBJC_LITERAL_CONVERSION = YES;
				CLANG_WARN_OBJC_ROOT_CLASS = YES_ERROR;
				CLANG_WARN_RANGE_LOOP_ANALYSIS = YES;
				CLANG_WARN_STRICT_PROTOTYPES = YES;
				CLANG_WARN_SUSPICIOUS_MOVE = YES;
				CLANG_WARN_UNGUARDED_AVAILABILITY = YES_AGGRESSIVE;
				CLANG_WARN_UNREACHABLE_CODE = YES;
				CLANG_WARN__DUPLICATE_METHOD_MATCH = YES;
				CODE_SIGN_IDENTITY = "iPhone Developer";
				COPY_PHASE_STRIP = NO;
				DEBUG_INFORMATION_FORMAT = dwarf;
				ENABLE_STRICT_OBJC_MSGSEND = YES;
				ENABLE_TESTABILITY = YES;
				GCC_C_LANGUAGE_STANDARD = gnu11;
				GCC_DYNAMIC_NO_PIC = NO;
				GCC_NO_COMMON_BLOCKS = YES;
				GCC_OPTIMIZATION_LEVEL = 0;
				GCC_PREPROCESSOR_DEFINITIONS = (
					"DEBUG=1",
					"$(inherited)",
				);
				GCC_WARN_64_TO_32_BIT_CONVERSION = YES;
				GCC_WARN_ABOUT_RETURN_TYPE = YES_ERROR;
				GCC_WARN_UNDECLARED_SELECTOR = YES;
				GCC_WARN_UNINITIALIZED_AUTOS = YES_AGGRESSIVE;
				GCC_WARN_UNUSED_FUNCTION = YES;
				GCC_WARN_UNUSED_VARIABLE = YES;
				IPHONEOS_DEPLOYMENT_TARGET = 12.4;
				MTL_ENABLE_DEBUG_INFO = INCLUDE_SOURCE;
				MTL_FAST_MATH = YES;
				ONLY_ACTIVE_ARCH = YES;
				SDKROOT = iphoneos;
				SWIFT_ACTIVE_COMPILATION_CONDITIONS = DEBUG;
				SWIFT_OPTIMIZATION_LEVEL = "-Onone";
			};
			name = Debug;
		};
		D707F5882305F82700B0A726 /* Release */ = {
			isa = XCBuildConfiguration;
			buildSettings = {
				ALWAYS_SEARCH_USER_PATHS = NO;
				CLANG_ANALYZER_NONNULL = YES;
				CLANG_ANALYZER_NUMBER_OBJECT_CONVERSION = YES_AGGRESSIVE;
				CLANG_CXX_LANGUAGE_STANDARD = "gnu++14";
				CLANG_CXX_LIBRARY = "libc++";
				CLANG_ENABLE_MODULES = YES;
				CLANG_ENABLE_OBJC_ARC = YES;
				CLANG_ENABLE_OBJC_WEAK = YES;
				CLANG_WARN_BLOCK_CAPTURE_AUTORELEASING = YES;
				CLANG_WARN_BOOL_CONVERSION = YES;
				CLANG_WARN_COMMA = YES;
				CLANG_WARN_CONSTANT_CONVERSION = YES;
				CLANG_WARN_DEPRECATED_OBJC_IMPLEMENTATIONS = YES;
				CLANG_WARN_DIRECT_OBJC_ISA_USAGE = YES_ERROR;
				CLANG_WARN_DOCUMENTATION_COMMENTS = YES;
				CLANG_WARN_EMPTY_BODY = YES;
				CLANG_WARN_ENUM_CONVERSION = YES;
				CLANG_WARN_INFINITE_RECURSION = YES;
				CLANG_WARN_INT_CONVERSION = YES;
				CLANG_WARN_NON_LITERAL_NULL_CONVERSION = YES;
				CLANG_WARN_OBJC_IMPLICIT_RETAIN_SELF = YES;
				CLANG_WARN_OBJC_LITERAL_CONVERSION = YES;
				CLANG_WARN_OBJC_ROOT_CLASS = YES_ERROR;
				CLANG_WARN_RANGE_LOOP_ANALYSIS = YES;
				CLANG_WARN_STRICT_PROTOTYPES = YES;
				CLANG_WARN_SUSPICIOUS_MOVE = YES;
				CLANG_WARN_UNGUARDED_AVAILABILITY = YES_AGGRESSIVE;
				CLANG_WARN_UNREACHABLE_CODE = YES;
				CLANG_WARN__DUPLICATE_METHOD_MATCH = YES;
				CODE_SIGN_IDENTITY = "iPhone Developer";
				COPY_PHASE_STRIP = NO;
				DEBUG_INFORMATION_FORMAT = "dwarf-with-dsym";
				ENABLE_NS_ASSERTIONS = NO;
				ENABLE_STRICT_OBJC_MSGSEND = YES;
				GCC_C_LANGUAGE_STANDARD = gnu11;
				GCC_NO_COMMON_BLOCKS = YES;
				GCC_WARN_64_TO_32_BIT_CONVERSION = YES;
				GCC_WARN_ABOUT_RETURN_TYPE = YES_ERROR;
				GCC_WARN_UNDECLARED_SELECTOR = YES;
				GCC_WARN_UNINITIALIZED_AUTOS = YES_AGGRESSIVE;
				GCC_WARN_UNUSED_FUNCTION = YES;
				GCC_WARN_UNUSED_VARIABLE = YES;
				IPHONEOS_DEPLOYMENT_TARGET = 12.4;
				MTL_ENABLE_DEBUG_INFO = NO;
				MTL_FAST_MATH = YES;
				SDKROOT = iphoneos;
				SWIFT_COMPILATION_MODE = wholemodule;
				SWIFT_OPTIMIZATION_LEVEL = "-O";
				VALIDATE_PRODUCT = YES;
			};
			name = Release;
		};
		D707F58A2305F82700B0A726 /* Debug */ = {
			isa = XCBuildConfiguration;
			buildSettings = {
				ASSETCATALOG_COMPILER_APPICON_NAME = AppIcon;
				CODE_SIGN_STYLE = Automatic;
				DEVELOPMENT_TEAM = QM43B7QRF9;
				INFOPLIST_FILE = Celeste/Info.plist;
				LD_RUNPATH_SEARCH_PATHS = (
					"$(inherited)",
					"@executable_path/Frameworks",
				);
				PRODUCT_BUNDLE_IDENTIFIER = io.github.pastre.Celeste;
				PRODUCT_NAME = "$(TARGET_NAME)";
				SWIFT_VERSION = 5.0;
				TARGETED_DEVICE_FAMILY = "1,2";
			};
			name = Debug;
		};
		D707F58B2305F82700B0A726 /* Release */ = {
			isa = XCBuildConfiguration;
			buildSettings = {
				ASSETCATALOG_COMPILER_APPICON_NAME = AppIcon;
				CODE_SIGN_STYLE = Automatic;
				DEVELOPMENT_TEAM = QM43B7QRF9;
				INFOPLIST_FILE = Celeste/Info.plist;
				LD_RUNPATH_SEARCH_PATHS = (
					"$(inherited)",
					"@executable_path/Frameworks",
				);
				PRODUCT_BUNDLE_IDENTIFIER = io.github.pastre.Celeste;
				PRODUCT_NAME = "$(TARGET_NAME)";
				SWIFT_VERSION = 5.0;
				TARGETED_DEVICE_FAMILY = "1,2";
			};
			name = Release;
		};
/* End XCBuildConfiguration section */

/* Begin XCConfigurationList section */
		D707F5702305F82500B0A726 /* Build configuration list for PBXProject "Celeste" */ = {
			isa = XCConfigurationList;
			buildConfigurations = (
				D707F5872305F82700B0A726 /* Debug */,
				D707F5882305F82700B0A726 /* Release */,
			);
			defaultConfigurationIsVisible = 0;
			defaultConfigurationName = Release;
		};
		D707F5892305F82700B0A726 /* Build configuration list for PBXNativeTarget "Celeste" */ = {
			isa = XCConfigurationList;
			buildConfigurations = (
				D707F58A2305F82700B0A726 /* Debug */,
				D707F58B2305F82700B0A726 /* Release */,
			);
			defaultConfigurationIsVisible = 0;
			defaultConfigurationName = Release;
		};
/* End XCConfigurationList section */
	};
	rootObject = D707F56D2305F82500B0A726 /* Project object */;
}
